
Microsoft Visual Studio Solution File, Format Version 12.00
# Visual Studio 15
VisualStudioVersion = 15.0.27703.2035
MinimumVisualStudioVersion = 10.0.40219.1
Project("{FAE04EC0-301F-11D3-BF4B-00C04F79EFBC}") = "OddNum", "OddNum\OddNum.csproj", "{03B21F0D-238E-457D-946A-E06E108FA45D}"
EndProject
Global
	GlobalSection(SolutionConfigurationPlatforms) = preSolution
		Debug|Any CPU = Debug|Any CPU
		Release|Any CPU = Release|Any CPU
	EndGlobalSection
	GlobalSection(ProjectConfigurationPlatforms) = postSolution
		{03B21F0D-238E-457D-946A-E06E108FA45D}.Debug|Any CPU.ActiveCfg = Debug|Any CPU
		{03B21F0D-238E-457D-946A-E06E108FA45D}.Debug|Any CPU.Build.0 = Debug|Any CPU
		{03B21F0D-238E-457D-946A-E06E108FA45D}.Release|Any CPU.ActiveCfg = Release|Any CPU
		{03B21F0D-238E-457D-946A-E06E108FA45D}.Release|Any CPU.Build.0 = Release|Any CPU
	EndGlobalSection
	GlobalSection(SolutionProperties) = preSolution
		HideSolutionNode = FALSE
	EndGlobalSection
	GlobalSection(ExtensibilityGlobals) = postSolution
		SolutionGuid = {DBDADF6E-AC0B-4A3E-9206-AD44B099503E}
	EndGlobalSection
EndGlobal
